
Microsoft Visual Studio Solution File, Format Version 12.00
# Visual Studio 15
VisualStudioVersion = 15.0.28307.168
MinimumVisualStudioVersion = 10.0.40219.1
Project("{FAE04EC0-301F-11D3-BF4B-00C04F79EFBC}") = "CapacitacionYenni", "CapacitacionYenni\CapacitacionYenni.csproj", "{22207374-DCB9-4E2A-B343-C99E56848E30}"
EndProject
Global
	GlobalSection(SolutionConfigurationPlatforms) = preSolution
		Debug|Any CPU = Debug|Any CPU
		Release|Any CPU = Release|Any CPU
	EndGlobalSection
	GlobalSection(ProjectConfigurationPlatforms) = postSolution
		{22207374-DCB9-4E2A-B343-C99E56848E30}.Debug|Any CPU.ActiveCfg = Debug|Any CPU
		{22207374-DCB9-4E2A-B343-C99E56848E30}.Debug|Any CPU.Build.0 = Debug|Any CPU
		{22207374-DCB9-4E2A-B343-C99E56848E30}.Release|Any CPU.ActiveCfg = Release|Any CPU
		{22207374-DCB9-4E2A-B343-C99E56848E30}.Release|Any CPU.Build.0 = Release|Any CPU
	EndGlobalSection
	GlobalSection(SolutionProperties) = preSolution
		HideSolutionNode = FALSE
	EndGlobalSection
	GlobalSection(ExtensibilityGlobals) = postSolution
		SolutionGuid = {46122036-8BDC-4276-8AF8-7147B72C9126}
	EndGlobalSection
EndGlobal
